github.com/bitgo/prova v0.0.0-20171205174525-18f923b3c924 h1:OJTWAcknwgSJMvuLxzg7YWiWyYOkhVhsmOvCFw5LMJM=
github.com/bitgo/prova v0.0.0-20171205174525-18f923b3c924/go.mod h1:KRnsztorP2IT/ZO+ALkfBxg0qJqxrffJLl3flEWWck4=
github.com/btcsuite/btcd v0.0.0-20161027190929-f6ad7eb2c963/go.mod h1:Dmm/EzmjnCiweXmzRIAiUWCInVmPgjkzgv5k4tVyXiQ=
github.com/btcsuite/btclog v0.0.0-20160817181405-73889fb79bd6 h1:3qvzebisqKt294Zr4rixQkYGMaAnqERJjEThrX8EPDE=
github.com/btcsuite/btclog v0.0.0-20160817181405-73889fb79bd6/go.mod h1:TdznJufoqS23FtqVCzL0ZqgP5MqXbb4fg/WgDys70nA=
github.com/btcsuite/btcrpcclient v0.0.0-20170127214343-abcdfb702a7c/go.mod h1:SpMD0d1QYxyLBcmIfLTVot5AV+SDxVqWKS7pqWfmL1k=
github.com/btcsuite/btcutil v0.0.0-20170111203844-86346b5a958c/go.mod h1:+5NJ2+qvTyV9exUAL/rxXi3DcLg2Ts+ymUAY5y4NvMg=
github.com/btcsuite/fastsha256 v0.0.0-20160815193821-637e65642941 h1:kij1x2aL7VE6gtx8KMIt8PGPgI5GV9LgtHFG5KaEMPY=
github.com/btcsuite/fastsha256 v0.0.0-20160815193821-637e65642941/go.mod h1:QcFA8DZHtuIAdYKCq/BzELOaznRsCvwf4zTPmaYwaig=
github.com/btcsuite/go-flags v0.0.0-20150116065318-6c288d648c1c h1:jYE+0osxEwZMwnJkGJCiQZKLhMFMR6+G8QxtFtL9/Zw=
github.com/btcsuite/go-flags v0.0.0-20150116065318-6c288d648c1c/go.mod h1:FAMFTQ1iW6ewsFxRHGOzmtOgCNMIw1ks4L86fZ3nNaw=
github.com/btcsuite/go-socks v0.0.0-20170105172521-4720035b7bfd h1:R/opQEbFEy9JGkIguV40SvRY1uliPX8ifOvi6ICsFCw=
github.com/btcsuite/go-socks v0.0.0-20170105172521-4720035b7bfd/go.mod h1:HHNXQzUsZCxOoE+CPiyCTO6x34Zs86zZUiwtpXoGdtg=
github.com/btcsuite/golangcrypto v0.0.0-20150304025918-53f62d9b43e8 h1:nOsAWScwueMVk/VLm/dvQQD7DuanyvAUb6B3P3eT274=
github.com/btcsuite/golangcrypto v0.0.0-20150304025918-53f62d9b43e8/go.mod h1:tYvUd8KLhm/oXvUeSEs2VlLghFjQt9+ZaF9ghH0JNjc=
github.com/btcsuite/goleveldb v0.0.0-20160330041536-7834afc9e8cd h1:qdGvebPBDuYDPGi1WCPjy1tGyMpmDK8IEapSsszn7HE=
github.com/btcsuite/goleveldb v0.0.0-20160330041536-7834afc9e8cd/go.mod h1:F+uVaaLLH7j4eDXPRvw78tMflu7Ie2bzYOH4Y8rRKBY=
github.com/btcsuite/seelog v0.0.0-20150116041118-313961b101eb h1:BTY3qv46zKvUVhM1BGQjSfG4MD/p1yI9oG99tSVjDOQ=
github.com/btcsuite/seelog v0.0.0-20150116041118-313961b101eb/go.mod h1:gA0wrKVSR1jlFJc3PbVwLFfjUrq1fYDvYkg/wOp3Tb4=
github.com/btcsuite/snappy-go v0.0.0-20151229074030-0bdef8d06723 h1:ZA/jbKoGcVAnER6pCHPEkGdZOV7U1oLUedErBHCUMs0=
github.com/btcsuite/snappy-go v0.0.0-20151229074030-0bdef8d06723/go.mod h1:8woku9dyThutzjeg+3xrA5iCpBRH8XEEg3lh6TiUghc=
github.com/btcsuite/websocket v0.0.0-20150119174127-31079b680792 h1:R8vQdOQdZ9Y3SkEwmHoWBmX1DNXhXZqlTpq6s4tyJGc=
github.com/btcsuite/websocket v0.0.0-20150119174127-31079b680792/go.mod h1:ghJtEyQwv5/p4Mg4C0fgbePVuGr935/5ddU9Z3TmDRY=
github.com/btcsuite/winsvc v1.0.0 h1:J9B4L7e3oqhXOcm+2IuNApwzQec85lE+QaikUcCs+dk=
github.com/btcsuite/winsvc v1.0.0/go.mod h1:jsenWakMcC0zFBFurPLEAyrnc/teJEM1O46fmI40EZs=
github.com/davecgh/go-spew v1.1.0 h1:ZDRjVQ15GmhC3fiQ8ni8+OwkZQO4DARzQgrnXU1Liz8=
github.com/davecgh/go-spew v1.1.0/go.mod h1:J7Y8YcW2NihsgmVo/mv3lAwl/skON4iLHjSsI+c5H38=
golang.org/x/crypto v0.0.0-20170123104452-41d678d1df78 h1:ISmHJQGexsDJWSj1lLzVZoBCIMCYV8mqHHfazVGGGL8=
golang.org/x/crypto v0.0.0-20170123104452-41d678d1df78/go.mod h1:6SG95UA2DQfeDnfUPMdvaQW0Q7yPrPDi9nlGo2tz2b4=
